
Microsoft Visual Studio Solution File, Format Version 12.00
# Visual Studio Version 17
VisualStudioVersion = 17.6.33815.320
MinimumVisualStudioVersion = 10.0.40219.1
Project("{FAE04EC0-301F-11D3-BF4B-00C04F79EFBC}") = "PruebaTec.Data", "PruebaTec.Data\PruebaTec.Data.csproj", "{9DE90B30-781C-45D4-A369-379728B35B68}"
EndProject
Project("{FAE04EC0-301F-11D3-BF4B-00C04F79EFBC}") = "PruebaTec.Business", "PruebaTec.Business\PruebaTec.Business.csproj", "{0406F600-2252-4981-80B1-F2B7DF6E0D1B}"
EndProject
Project("{FAE04EC0-301F-11D3-BF4B-00C04F79EFBC}") = "PruebaTec.Entities", "PruebaTec.Entities\PruebaTec.Entities.csproj", "{863B79C3-CE9E-4220-B921-FE00E1D001FD}"
EndProject
Project("{FAE04EC0-301F-11D3-BF4B-00C04F79EFBC}") = "PruebaTec.UI", "PruebaTec.UI\PruebaTec.UI.csproj", "{4882F252-122B-4258-BABA-F7B264D5A01E}"
EndProject
Global
	GlobalSection(SolutionConfigurationPlatforms) = preSolution
		Debug|Any CPU = Debug|Any CPU
		Release|Any CPU = Release|Any CPU
	EndGlobalSection
	GlobalSection(ProjectConfigurationPlatforms) = postSolution
		{9DE90B30-781C-45D4-A369-379728B35B68}.Debug|Any CPU.ActiveCfg = Debug|Any CPU
		{9DE90B30-781C-45D4-A369-379728B35B68}.Debug|Any CPU.Build.0 = Debug|Any CPU
		{9DE90B30-781C-45D4-A369-379728B35B68}.Release|Any CPU.ActiveCfg = Release|Any CPU
		{9DE90B30-781C-45D4-A369-379728B35B68}.Release|Any CPU.Build.0 = Release|Any CPU
		{0406F600-2252-4981-80B1-F2B7DF6E0D1B}.Debug|Any CPU.ActiveCfg = Debug|Any CPU
		{0406F600-2252-4981-80B1-F2B7DF6E0D1B}.Debug|Any CPU.Build.0 = Debug|Any CPU
		{0406F600-2252-4981-80B1-F2B7DF6E0D1B}.Release|Any CPU.ActiveCfg = Release|Any CPU
		{0406F600-2252-4981-80B1-F2B7DF6E0D1B}.Release|Any CPU.Build.0 = Release|Any CPU
		{863B79C3-CE9E-4220-B921-FE00E1D001FD}.Debug|Any CPU.ActiveCfg = Debug|Any CPU
		{863B79C3-CE9E-4220-B921-FE00E1D001FD}.Debug|Any CPU.Build.0 = Debug|Any CPU
		{863B79C3-CE9E-4220-B921-FE00E1D001FD}.Release|Any CPU.ActiveCfg = Release|Any CPU
		{863B79C3-CE9E-4220-B921-FE00E1D001FD}.Release|Any CPU.Build.0 = Release|Any CPU
		{4882F252-122B-4258-BABA-F7B264D5A01E}.Debug|Any CPU.ActiveCfg = Debug|Any CPU
		{4882F252-122B-4258-BABA-F7B264D5A01E}.Debug|Any CPU.Build.0 = Debug|Any CPU
		{4882F252-122B-4258-BABA-F7B264D5A01E}.Release|Any CPU.ActiveCfg = Release|Any CPU
		{4882F252-122B-4258-BABA-F7B264D5A01E}.Release|Any CPU.Build.0 = Release|Any CPU
	EndGlobalSection
	GlobalSection(SolutionProperties) = preSolution
		HideSolutionNode = FALSE
	EndGlobalSection
	GlobalSection(ExtensibilityGlobals) = postSolution
		SolutionGuid = {02CF0941-1C74-49E4-A313-6E43F6D05BCE}
	EndGlobalSection
EndGlobal
